// !$*UTF8*$!
{
	archiveVersion = 1;
	classes = {
	};
	objectVersion = 51;
	objects = {

/* Begin PBXBuildFile section */
		69D57873C29455E2FC328AE8 /* Pods_fact.framework in Frameworks */ = {isa = PBXBuildFile; fileRef = B1B23785EAE4B0D2163571E7 /* Pods_fact.framework */; };
		6C03245CF06DD8F0499FBF36 /* Pods_fact_factUITests.framework in Frameworks */ = {isa = PBXBuildFile; fileRef = 5D43619FE62347EB0024D12C /* Pods_fact_factUITests.framework */; };
		737354A825B82CB1001BDF08 /* fuctData.swift in Sources */ = {isa = PBXBuildFile; fileRef = 737354A725B82CB1001BDF08 /* fuctData.swift */; };
		73BEA42F25AFFEF7006EA337 /* AppDelegate.swift in Sources */ = {isa = PBXBuildFile; fileRef = 73BEA42E25AFFEF7006EA337 /* AppDelegate.swift */; };
		73BEA43125AFFEF7006EA337 /* SceneDelegate.swift in Sources */ = {isa = PBXBuildFile; fileRef = 73BEA43025AFFEF7006EA337 /* SceneDelegate.swift */; };
		73BEA43325AFFEF7006EA337 /* ViewController.swift in Sources */ = {isa = PBXBuildFile; fileRef = 73BEA43225AFFEF7006EA337 /* ViewController.swift */; };
		73BEA43625AFFEF7006EA337 /* Main.storyboard in Resources */ = {isa = PBXBuildFile; fileRef = 73BEA43425AFFEF7006EA337 /* Main.storyboard */; };
		73BEA43825AFFEF8006EA337 /* Assets.xcassets in Resources */ = {isa = PBXBuildFile; fileRef = 73BEA43725AFFEF8006EA337 /* Assets.xcassets */; };
		73BEA43B25AFFEF8006EA337 /* LaunchScreen.storyboard in Resources */ = {isa = PBXBuildFile; fileRef = 73BEA43925AFFEF8006EA337 /* LaunchScreen.storyboard */; };
		73BEA44625AFFEF8006EA337 /* factTests.swift in Sources */ = {isa = PBXBuildFile; fileRef = 73BEA44525AFFEF8006EA337 /* factTests.swift */; };
		73BEA45125AFFEF8006EA337 /* factUITests.swift in Sources */ = {isa = PBXBuildFile; fileRef = 73BEA45025AFFEF8006EA337 /* factUITests.swift */; };
		73BEA4F725B04796006EA337 /* GoogleService-Info.plist in Resources */ = {isa = PBXBuildFile; fileRef = 73BEA4F625B04796006EA337 /* GoogleService-Info.plist */; };
		73BEA61D25B0526F006EA337 /* loginView.swift in Sources */ = {isa = PBXBuildFile; fileRef = 73BEA61C25B0526F006EA337 /* loginView.swift */; };
		73BEA64625B299AE006EA337 /* signup.swift in Sources */ = {isa = PBXBuildFile; fileRef = 73BEA64525B299AE006EA337 /* signup.swift */; };
		73BEA65D25B2E624006EA337 /* add.swift in Sources */ = {isa = PBXBuildFile; fileRef = 73BEA65C25B2E624006EA337 /* add.swift */; };
		EBB44BB229BC9938855E6777 /* Pods_factTests.framework in Frameworks */ = {isa = PBXBuildFile; fileRef = A620F8AC7AB2BDC95C953165 /* Pods_factTests.framework */; };
/* End PBXBuildFile section */

/* Begin PBXContainerItemProxy section */
		73BEA44225AFFEF8006EA337 /* PBXContainerItemProxy */ = {
			isa = PBXContainerItemProxy;
			containerPortal = 73BEA42325AFFEF7006EA337 /* Project object */;
			proxyType = 1;
			remoteGlobalIDString = 73BEA42A25AFFEF7006EA337;
			remoteInfo = fact;
		};
		73BEA44D25AFFEF8006EA337 /* PBXContainerItemProxy */ = {
			isa = PBXContainerItemProxy;
			containerPortal = 73BEA42325AFFEF7006EA337 /* Project object */;
			proxyType = 1;
			remoteGlobalIDString = 73BEA42A25AFFEF7006EA337;
			remoteInfo = fact;
		};
/* End PBXContainerItemProxy section */

/* Begin PBXFileReference section */
		13E4D44C3D7FE4301195D175 /* Pods-factTests.release.xcconfig */ = {isa = PBXFileReference; includeInIndex = 1; lastKnownFileType = text.xcconfig; name = "Pods-factTests.release.xcconfig"; path = "Target Support Files/Pods-factTests/Pods-factTests.release.xcconfig"; sourceTree = "<group>"; };
		187003F8E003166BECAE7142 /* Pods-fact-factUITests.debug.xcconfig */ = {isa = PBXFileReference; includeInIndex = 1; lastKnownFileType = text.xcconfig; name = "Pods-fact-factUITests.debug.xcconfig"; path = "Target Support Files/Pods-fact-factUITests/Pods-fact-factUITests.debug.xcconfig"; sourceTree = "<group>"; };
		489FBF1BBBDB8102F8BE95BB /* Pods-fact.debug.xcconfig */ = {isa = PBXFileReference; includeInIndex = 1; lastKnownFileType = text.xcconfig; name = "Pods-fact.debug.xcconfig"; path = "Target Support Files/Pods-fact/Pods-fact.debug.xcconfig"; sourceTree = "<group>"; };
		5D43619FE62347EB0024D12C /* Pods_fact_factUITests.framework */ = {isa = PBXFileReference; explicitFileType = wrapper.framework; includeInIndex = 0; path = Pods_fact_factUITests.framework; sourceTree = BUILT_PRODUCTS_DIR; };
		737354A725B82CB1001BDF08 /* fuctData.swift */ = {isa = PBXFileReference; lastKnownFileType = sourcecode.swift; path = fuctData.swift; sourceTree = "<group>"; };
		73BEA42B25AFFEF7006EA337 /* fact.app */ = {isa = PBXFileReference; explicitFileType = wrapper.application; includeInIndex = 0; path = fact.app; sourceTree = BUILT_PRODUCTS_DIR; };
		73BEA42E25AFFEF7006EA337 /* AppDelegate.swift */ = {isa = PBXFileReference; lastKnownFileType = sourcecode.swift; path = AppDelegate.swift; sourceTree = "<group>"; };
		73BEA43025AFFEF7006EA337 /* SceneDelegate.swift */ = {isa = PBXFileReference; lastKnownFileType = sourcecode.swift; path = SceneDelegate.swift; sourceTree = "<group>"; };
		73BEA43225AFFEF7006EA337 /* ViewController.swift */ = {isa = PBXFileReference; lastKnownFileType = sourcecode.swift; path = ViewController.swift; sourceTree = "<group>"; };
		73BEA43525AFFEF7006EA337 /* Base */ = {isa = PBXFileReference; lastKnownFileType = file.storyboard; name = Base; path = Base.lproj/Main.storyboard; sourceTree = "<group>"; };
		73BEA43725AFFEF8006EA337 /* Assets.xcassets */ = {isa = PBXFileReference; lastKnownFileType = folder.assetcatalog; path = Assets.xcassets; sourceTree = "<group>"; };
		73BEA43A25AFFEF8006EA337 /* Base */ = {isa = PBXFileReference; lastKnownFileType = file.storyboard; name = Base; path = Base.lproj/LaunchScreen.storyboard; sourceTree = "<group>"; };
		73BEA43C25AFFEF8006EA337 /* Info.plist */ = {isa = PBXFileReference; lastKnownFileType = text.plist.xml; path = Info.plist; sourceTree = "<group>"; };
		73BEA44125AFFEF8006EA337 /* factTests.xctest */ = {isa = PBXFileReference; explicitFileType = wrapper.cfbundle; includeInIndex = 0; path = factTests.xctest; sourceTree = BUILT_PRODUCTS_DIR; };
		73BEA44525AFFEF8006EA337 /* factTests.swift */ = {isa = PBXFileReference; lastKnownFileType = sourcecode.swift; path = factTests.swift; sourceTree = "<group>"; };
		73BEA44725AFFEF8006EA337 /* Info.plist */ = {isa = PBXFileReference; lastKnownFileType = text.plist.xml; path = Info.plist; sourceTree = "<group>"; };
		73BEA44C25AFFEF8006EA337 /* factUITests.xctest */ = {isa = PBXFileReference; explicitFileType = wrapper.cfbundle; includeInIndex = 0; path = factUITests.xctest; sourceTree = BUILT_PRODUCTS_DIR; };
		73BEA45025AFFEF8006EA337 /* factUITests.swift */ = {isa = PBXFileReference; lastKnownFileType = sourcecode.swift; path = factUITests.swift; sourceTree = "<group>"; };
		73BEA45225AFFEF8006EA337 /* Info.plist */ = {isa = PBXFileReference; lastKnownFileType = text.plist.xml; path = Info.plist; sourceTree = "<group>"; };
		73BEA4F625B04796006EA337 /* GoogleService-Info.plist */ = {isa = PBXFileReference; fileEncoding = 4; lastKnownFileType = text.plist.xml; path = "GoogleService-Info.plist"; sourceTree = "<group>"; };
		73BEA61C25B0526F006EA337 /* loginView.swift */ = {isa = PBXFileReference; lastKnownFileType = sourcecode.swift; path = loginView.swift; sourceTree = "<group>"; };
		73BEA64525B299AE006EA337 /* signup.swift */ = {isa = PBXFileReference; lastKnownFileType = sourcecode.swift; path = signup.swift; sourceTree = "<group>"; };
		73BEA65C25B2E624006EA337 /* add.swift */ = {isa = PBXFileReference; lastKnownFileType = sourcecode.swift; path = add.swift; sourceTree = "<group>"; };
		87B463B966D79D6BFB613449 /* Pods-fact-factUITests.release.xcconfig */ = {isa = PBXFileReference; includeInIndex = 1; lastKnownFileType = text.xcconfig; name = "Pods-fact-factUITests.release.xcconfig"; path = "Target Support Files/Pods-fact-factUITests/Pods-fact-factUITests.release.xcconfig"; sourceTree = "<group>"; };
		8B62DC68EEA0CF20F6F1C017 /* Pods-fact.release.xcconfig */ = {isa = PBXFileReference; includeInIndex = 1; lastKnownFileType = text.xcconfig; name = "Pods-fact.release.xcconfig"; path = "Target Support Files/Pods-fact/Pods-fact.release.xcconfig"; sourceTree = "<group>"; };
		A620F8AC7AB2BDC95C953165 /* Pods_factTests.framework */ = {isa = PBXFileReference; explicitFileType = wrapper.framework; includeInIndex = 0; path = Pods_factTests.framework; sourceTree = BUILT_PRODUCTS_DIR; };
		B1B23785EAE4B0D2163571E7 /* Pods_fact.framework */ = {isa = PBXFileReference; explicitFileType = wrapper.framework; includeInIndex = 0; path = Pods_fact.framework; sourceTree = BUILT_PRODUCTS_DIR; };
		E0051AFB08657E2F21A13502 /* Pods-factTests.debug.xcconfig */ = {isa = PBXFileReference; includeInIndex = 1; lastKnownFileType = text.xcconfig; name = "Pods-factTests.debug.xcconfig"; path = "Target Support Files/Pods-factTests/Pods-factTests.debug.xcconfig"; sourceTree = "<group>"; };
/* End PBXFileReference section */

/* Begin PBXFrameworksBuildPhase section */
		73BEA42825AFFEF7006EA337 /* Frameworks */ = {
			isa = PBXFrameworksBuildPhase;
			buildActionMask = 2147483647;
			files = (
				69D57873C29455E2FC328AE8 /* Pods_fact.framework in Frameworks */,
			);
			runOnlyForDeploymentPostprocessing = 0;
		};
		73BEA43E25AFFEF8006EA337 /* Frameworks */ = {
			isa = PBXFrameworksBuildPhase;
			buildActionMask = 2147483647;
			files = (
				EBB44BB229BC9938855E6777 /* Pods_factTests.framework in Frameworks */,
			);
			runOnlyForDeploymentPostprocessing = 0;
		};
		73BEA44925AFFEF8006EA337 /* Frameworks */ = {
			isa = PBXFrameworksBuildPhase;
			buildActionMask = 2147483647;
			files = (
				6C03245CF06DD8F0499FBF36 /* Pods_fact_factUITests.framework in Frameworks */,
			);
			runOnlyForDeploymentPostprocessing = 0;
		};
/* End PBXFrameworksBuildPhase section */

/* Begin PBXGroup section */
		73BEA42225AFFEF7006EA337 = {
			isa = PBXGroup;
			children = (
				73BEA42D25AFFEF7006EA337 /* fact */,
				73BEA44425AFFEF8006EA337 /* factTests */,
				73BEA44F25AFFEF8006EA337 /* factUITests */,
				73BEA42C25AFFEF7006EA337 /* Products */,
				A1B3F8BF2661300F842B02B2 /* Pods */,
				F63460382A19C34257B93266 /* Frameworks */,
			);
			sourceTree = "<group>";
		};
		73BEA42C25AFFEF7006EA337 /* Products */ = {
			isa = PBXGroup;
			children = (
				73BEA42B25AFFEF7006EA337 /* fact.app */,
				73BEA44125AFFEF8006EA337 /* factTests.xctest */,
				73BEA44C25AFFEF8006EA337 /* factUITests.xctest */,
			);
			name = Products;
			sourceTree = "<group>";
		};
		73BEA42D25AFFEF7006EA337 /* fact */ = {
			isa = PBXGroup;
			children = (
				73BEA42E25AFFEF7006EA337 /* AppDelegate.swift */,
				73BEA43025AFFEF7006EA337 /* SceneDelegate.swift */,
				73BEA43225AFFEF7006EA337 /* ViewController.swift */,
				73BEA43425AFFEF7006EA337 /* Main.storyboard */,
				737354A725B82CB1001BDF08 /* fuctData.swift */,
				73BEA65C25B2E624006EA337 /* add.swift */,
				73BEA64525B299AE006EA337 /* signup.swift */,
				73BEA61C25B0526F006EA337 /* loginView.swift */,
				73BEA43725AFFEF8006EA337 /* Assets.xcassets */,
				73BEA43925AFFEF8006EA337 /* LaunchScreen.storyboard */,
				73BEA4F625B04796006EA337 /* GoogleService-Info.plist */,
				73BEA43C25AFFEF8006EA337 /* Info.plist */,
			);
			path = fact;
			sourceTree = "<group>";
		};
		73BEA44425AFFEF8006EA337 /* factTests */ = {
			isa = PBXGroup;
			children = (
				73BEA44525AFFEF8006EA337 /* factTests.swift */,
				73BEA44725AFFEF8006EA337 /* Info.plist */,
			);
			path = factTests;
			sourceTree = "<group>";
		};
		73BEA44F25AFFEF8006EA337 /* factUITests */ = {
			isa = PBXGroup;
			children = (
				73BEA45025AFFEF8006EA337 /* factUITests.swift */,
				73BEA45225AFFEF8006EA337 /* Info.plist */,
			);
			path = factUITests;
			sourceTree = "<group>";
		};
		A1B3F8BF2661300F842B02B2 /* Pods */ = {
			isa = PBXGroup;
			children = (
				489FBF1BBBDB8102F8BE95BB /* Pods-fact.debug.xcconfig */,
				8B62DC68EEA0CF20F6F1C017 /* Pods-fact.release.xcconfig */,
				187003F8E003166BECAE7142 /* Pods-fact-factUITests.debug.xcconfig */,
				87B463B966D79D6BFB613449 /* Pods-fact-factUITests.release.xcconfig */,
				E0051AFB08657E2F21A13502 /* Pods-factTests.debug.xcconfig */,
				13E4D44C3D7FE4301195D175 /* Pods-factTests.release.xcconfig */,
			);
			path = Pods;
			sourceTree = "<group>";
		};
		F63460382A19C34257B93266 /* Frameworks */ = {
			isa = PBXGroup;
			children = (
				B1B23785EAE4B0D2163571E7 /* Pods_fact.framework */,
				5D43619FE62347EB0024D12C /* Pods_fact_factUITests.framework */,
				A620F8AC7AB2BDC95C953165 /* Pods_factTests.framework */,
			);
			name = Frameworks;
			sourceTree = "<group>";
		};
/* End PBXGroup section */

/* Begin PBXNativeTarget section */
		73BEA42A25AFFEF7006EA337 /* fact */ = {
			isa = PBXNativeTarget;
			buildConfigurationList = 73BEA45525AFFEF8006EA337 /* Build configuration list for PBXNativeTarget "fact" */;
			buildPhases = (
				F080D1FEE38D8FBAB37B6BB4 /* [CP] Check Pods Manifest.lock */,
				73BEA42725AFFEF7006EA337 /* Sources */,
				73BEA42825AFFEF7006EA337 /* Frameworks */,
				73BEA42925AFFEF7006EA337 /* Resources */,
				BE4339F5D2013D5852BA92BB /* [CP] Embed Pods Frameworks */,
			);
			buildRules = (
			);
			dependencies = (
			);
			name = fact;
			productName = fact;
			productReference = 73BEA42B25AFFEF7006EA337 /* fact.app */;
			productType = "com.apple.product-type.application";
		};
		73BEA44025AFFEF8006EA337 /* factTests */ = {
			isa = PBXNativeTarget;
			buildConfigurationList = 73BEA45825AFFEF8006EA337 /* Build configuration list for PBXNativeTarget "factTests" */;
			buildPhases = (
				041F44CE9E3C2A5055D74361 /* [CP] Check Pods Manifest.lock */,
				73BEA43D25AFFEF8006EA337 /* Sources */,
				73BEA43E25AFFEF8006EA337 /* Frameworks */,
				73BEA43F25AFFEF8006EA337 /* Resources */,
			);
			buildRules = (
			);
			dependencies = (
				73BEA44325AFFEF8006EA337 /* PBXTargetDependency */,
			);
			name = factTests;
			productName = factTests;
			productReference = 73BEA44125AFFEF8006EA337 /* factTests.xctest */;
			productType = "com.apple.product-type.bundle.unit-test";
		};
		73BEA44B25AFFEF8006EA337 /* factUITests */ = {
			isa = PBXNativeTarget;
			buildConfigurationList = 73BEA45B25AFFEF8006EA337 /* Build configuration list for PBXNativeTarget "factUITests" */;
			buildPhases = (
				E38F9C99CCD580291DDF5DF7 /* [CP] Check Pods Manifest.lock */,
				73BEA44825AFFEF8006EA337 /* Sources */,
				73BEA44925AFFEF8006EA337 /* Frameworks */,
				73BEA44A25AFFEF8006EA337 /* Resources */,
				535BC4D1C06F6D8684AF3D1B /* [CP] Embed Pods Frameworks */,
			);
			buildRules = (
			);
			dependencies = (
				73BEA44E25AFFEF8006EA337 /* PBXTargetDependency */,
			);
			name = factUITests;
			productName = factUITests;
			productReference = 73BEA44C25AFFEF8006EA337 /* factUITests.xctest */;
			productType = "com.apple.product-type.bundle.ui-testing";
		};
/* End PBXNativeTarget section */

/* Begin PBXProject section */
		73BEA42325AFFEF7006EA337 /* Project object */ = {
			isa = PBXProject;
			attributes = {
				LastSwiftUpdateCheck = 1230;
				LastUpgradeCheck = 1230;
				TargetAttributes = {
					73BEA42A25AFFEF7006EA337 = {
						CreatedOnToolsVersion = 12.3;
					};
					73BEA44025AFFEF8006EA337 = {
						CreatedOnToolsVersion = 12.3;
						TestTargetID = 73BEA42A25AFFEF7006EA337;
					};
					73BEA44B25AFFEF8006EA337 = {
						CreatedOnToolsVersion = 12.3;
						TestTargetID = 73BEA42A25AFFEF7006EA337;
					};
				};
			};
			buildConfigurationList = 73BEA42625AFFEF7006EA337 /* Build configuration list for PBXProject "fact" */;
			compatibilityVersion = "Xcode 9.3";
			developmentRegion = en;
			hasScannedForEncodings = 0;
			knownRegions = (
				en,
				Base,
			);
			mainGroup = 73BEA42225AFFEF7006EA337;
			productRefGroup = 73BEA42C25AFFEF7006EA337 /* Products */;
			projectDirPath = "";
			projectRoot = "";
			targets = (
				73BEA42A25AFFEF7006EA337 /* fact */,
				73BEA44025AFFEF8006EA337 /* factTests */,
				73BEA44B25AFFEF8006EA337 /* factUITests */,
			);
		};
/* End PBXProject section */

/* Begin PBXResourcesBuildPhase section */
		73BEA42925AFFEF7006EA337 /* Resources */ = {
			isa = PBXResourcesBuildPhase;
			buildActionMask = 2147483647;
			files = (
				73BEA43B25AFFEF8006EA337 /* LaunchScreen.storyboard in Resources */,
				73BEA4F725B04796006EA337 /* GoogleService-Info.plist in Resources */,
				73BEA43825AFFEF8006EA337 /* Assets.xcassets in Resources */,
				73BEA43625AFFEF7006EA337 /* Main.storyboard in Resources */,
			);
			runOnlyForDeploymentPostprocessing = 0;
		};
		73BEA43F25AFFEF8006EA337 /* Resources */ = {
			isa = PBXResourcesBuildPhase;
			buildActionMask = 2147483647;
			files = (
			);
			runOnlyForDeploymentPostprocessing = 0;
		};
		73BEA44A25AFFEF8006EA337 /* Resources */ = {
			isa = PBXResourcesBuildPhase;
			buildActionMask = 2147483647;
			files = (
			);
			runOnlyForDeploymentPostprocessing = 0;
		};
/* End PBXResourcesBuildPhase section */

/* Begin PBXShellScriptBuildPhase section */
		041F44CE9E3C2A5055D74361 /* [CP] Check Pods Manifest.lock */ = {
			isa = PBXShellScriptBuildPhase;
			buildActionMask = 2147483647;
			files = (
			);
			inputFileListPaths = (
			);
			inputPaths = (
				"${PODS_PODFILE_DIR_PATH}/Podfile.lock",
				"${PODS_ROOT}/Manifest.lock",
			);
			name = "[CP] Check Pods Manifest.lock";
			outputFileListPaths = (
			);
			outputPaths = (
				"$(DERIVED_FILE_DIR)/Pods-factTests-checkManifestLockResult.txt",
			);
			runOnlyForDeploymentPostprocessing = 0;
			shellPath = /bin/sh;
			shellScript = "diff \"${PODS_PODFILE_DIR_PATH}/Podfile.lock\" \"${PODS_ROOT}/Manifest.lock\" > /dev/null\nif [ $? != 0 ] ; then\n    # print error to STDERR\n    echo \"error: The sandbox is not in sync with the Podfile.lock. Run 'pod install' or update your CocoaPods installation.\" >&2\n    exit 1\nfi\n# This output is used by Xcode 'outputs' to avoid re-running this script phase.\necho \"SUCCESS\" > \"${SCRIPT_OUTPUT_FILE_0}\"\n";
			showEnvVarsInLog = 0;
		};
		535BC4D1C06F6D8684AF3D1B /* [CP] Embed Pods Frameworks */ = {
			isa = PBXShellScriptBuildPhase;
			buildActionMask = 2147483647;
			files = (
			);
			inputFileListPaths = (
				"${PODS_ROOT}/Target Support Files/Pods-fact-factUITests/Pods-fact-factUITests-frameworks-${CONFIGURATION}-input-files.xcfilelist",
			);
			name = "[CP] Embed Pods Frameworks";
			outputFileListPaths = (
				"${PODS_ROOT}/Target Support Files/Pods-fact-factUITests/Pods-fact-factUITests-frameworks-${CONFIGURATION}-output-files.xcfilelist",
			);
			runOnlyForDeploymentPostprocessing = 0;
			shellPath = /bin/sh;
			shellScript = "\"${PODS_ROOT}/Target Support Files/Pods-fact-factUITests/Pods-fact-factUITests-frameworks.sh\"\n";
			showEnvVarsInLog = 0;
		};
		BE4339F5D2013D5852BA92BB /* [CP] Embed Pods Frameworks */ = {
			isa = PBXShellScriptBuildPhase;
			buildActionMask = 2147483647;
			files = (
			);
			inputFileListPaths = (
				"${PODS_ROOT}/Target Support Files/Pods-fact/Pods-fact-frameworks-${CONFIGURATION}-input-files.xcfilelist",
			);
			name = "[CP] Embed Pods Frameworks";
			outputFileListPaths = (
				"${PODS_ROOT}/Target Support Files/Pods-fact/Pods-fact-frameworks-${CONFIGURATION}-output-files.xcfilelist",
			);
			runOnlyForDeploymentPostprocessing = 0;
			shellPath = /bin/sh;
			shellScript = "\"${PODS_ROOT}/Target Support Files/Pods-fact/Pods-fact-frameworks.sh\"\n";
			showEnvVarsInLog = 0;
		};
		E38F9C99CCD580291DDF5DF7 /* [CP] Check Pods Manifest.lock */ = {
			isa = PBXShellScriptBuildPhase;
			buildActionMask = 2147483647;
			files = (
			);
			inputFileListPaths = (
			);
			inputPaths = (
				"${PODS_PODFILE_DIR_PATH}/Podfile.lock",
				"${PODS_ROOT}/Manifest.lock",
			);
			name = "[CP] Check Pods Manifest.lock";
			outputFileListPaths = (
			);
			outputPaths = (
				"$(DERIVED_FILE_DIR)/Pods-fact-factUITests-checkManifestLockResult.txt",
			);
			runOnlyForDeploymentPostprocessing = 0;
			shellPath = /bin/sh;
			shellScript = "diff \"${PODS_PODFILE_DIR_PATH}/Podfile.lock\" \"${PODS_ROOT}/Manifest.lock\" > /dev/null\nif [ $? != 0 ] ; then\n    # print error to STDERR\n    echo \"error: The sandbox is not in sync with the Podfile.lock. Run 'pod install' or update your CocoaPods installation.\" >&2\n    exit 1\nfi\n# This output is used by Xcode 'outputs' to avoid re-running this script phase.\necho \"SUCCESS\" > \"${SCRIPT_OUTPUT_FILE_0}\"\n";
			showEnvVarsInLog = 0;
		};
		F080D1FEE38D8FBAB37B6BB4 /* [CP] Check Pods Manifest.lock */ = {
			isa = PBXShellScriptBuildPhase;
			buildActionMask = 2147483647;
			files = (
			);
			inputFileListPaths = (
			);
			inputPaths = (
				"${PODS_PODFILE_DIR_PATH}/Podfile.lock",
				"${PODS_ROOT}/Manifest.lock",
			);
			name = "[CP] Check Pods Manifest.lock";
			outputFileListPaths = (
			);
			outputPaths = (
				"$(DERIVED_FILE_DIR)/Pods-fact-checkManifestLockResult.txt",
			);
			runOnlyForDeploymentPostprocessing = 0;
			shellPath = /bin/sh;
			shellScript = "diff \"${PODS_PODFILE_DIR_PATH}/Podfile.lock\" \"${PODS_ROOT}/Manifest.lock\" > /dev/null\nif [ $? != 0 ] ; then\n    # print error to STDERR\n    echo \"error: The sandbox is not in sync with the Podfile.lock. Run 'pod install' or update your CocoaPods installation.\" >&2\n    exit 1\nfi\n# This output is used by Xcode 'outputs' to avoid re-running this script phase.\necho \"SUCCESS\" > \"${SCRIPT_OUTPUT_FILE_0}\"\n";
			showEnvVarsInLog = 0;
		};
/* End PBXShellScriptBuildPhase section */

/* Begin PBXSourcesBuildPhase section */
		73BEA42725AFFEF7006EA337 /* Sources */ = {
			isa = PBXSourcesBuildPhase;
			buildActionMask = 2147483647;
			files = (
				73BEA43325AFFEF7006EA337 /* ViewController.swift in Sources */,
				73BEA42F25AFFEF7006EA337 /* AppDelegate.swift in Sources */,
				73BEA64625B299AE006EA337 /* signup.swift in Sources */,
				73BEA61D25B0526F006EA337 /* loginView.swift in Sources */,
				73BEA43125AFFEF7006EA337 /* SceneDelegate.swift in Sources */,
				73BEA65D25B2E624006EA337 /* add.swift in Sources */,
				737354A825B82CB1001BDF08 /* fuctData.swift in Sources */,
			);
			runOnlyForDeploymentPostprocessing = 0;
		};
		73BEA43D25AFFEF8006EA337 /* Sources */ = {
			isa = PBXSourcesBuildPhase;
			buildActionMask = 2147483647;
			files = (
				73BEA44625AFFEF8006EA337 /* factTests.swift in Sources */,
			);
			runOnlyForDeploymentPostprocessing = 0;
		};
		73BEA44825AFFEF8006EA337 /* Sources */ = {
			isa = PBXSourcesBuildPhase;
			buildActionMask = 2147483647;
			files = (
				73BEA45125AFFEF8006EA337 /* factUITests.swift in Sources */,
			);
			runOnlyForDeploymentPostprocessing = 0;
		};
/* End PBXSourcesBuildPhase section */

/* Begin PBXTargetDependency section */
		73BEA44325AFFEF8006EA337 /* PBXTargetDependency */ = {
			isa = PBXTargetDependency;
			target = 73BEA42A25AFFEF7006EA337 /* fact */;
			targetProxy = 73BEA44225AFFEF8006EA337 /* PBXContainerItemProxy */;
		};
		73BEA44E25AFFEF8006EA337 /* PBXTargetDependency */ = {
			isa = PBXTargetDependency;
			target = 73BEA42A25AFFEF7006EA337 /* fact */;
			targetProxy = 73BEA44D25AFFEF8006EA337 /* PBXContainerItemProxy */;
		};
/* End PBXTargetDependency section */

/* Begin PBXVariantGroup section */
		73BEA43425AFFEF7006EA337 /* Main.storyboard */ = {
			isa = PBXVariantGroup;
			children = (
				73BEA43525AFFEF7006EA337 /* Base */,
			);
			name = Main.storyboard;
			sourceTree = "<group>";
		};
		73BEA43925AFFEF8006EA337 /* LaunchScreen.storyboard */ = {
			isa = PBXVariantGroup;
			children = (
				73BEA43A25AFFEF8006EA337 /* Base */,
			);
			name = LaunchScreen.storyboard;
			sourceTree = "<group>";
		};
/* End PBXVariantGroup section */

/* Begin XCBuildConfiguration section */
		73BEA45325AFFEF8006EA337 /* Debug */ = {
			isa = XCBuildConfiguration;
			buildSettings = {
				ALWAYS_SEARCH_USER_PATHS = NO;
				CLANG_ANALYZER_NONNULL = YES;
				CLANG_ANALYZER_NUMBER_OBJECT_CONVERSION = YES_AGGRESSIVE;
				CLANG_CXX_LANGUAGE_STANDARD = "gnu++14";
				CLANG_CXX_LIBRARY = "libc++";
				CLANG_ENABLE_MODULES = YES;
				CLANG_ENABLE_OBJC_ARC = YES;
				CLANG_ENABLE_OBJC_WEAK = YES;
				CLANG_WARN_BLOCK_CAPTURE_AUTORELEASING = YES;
				CLANG_WARN_BOOL_CONVERSION = YES;
				CLANG_WARN_COMMA = YES;
				CLANG_WARN_CONSTANT_CONVERSION = YES;
				CLANG_WARN_DEPRECATED_OBJC_IMPLEMENTATIONS = YES;
				CLANG_WARN_DIRECT_OBJC_ISA_USAGE = YES_ERROR;
				CLANG_WARN_DOCUMENTATION_COMMENTS = YES;
				CLANG_WARN_EMPTY_BODY = YES;
				CLANG_WARN_ENUM_CONVERSION = YES;
				CLANG_WARN_INFINITE_RECURSION = YES;
				CLANG_WARN_INT_CONVERSION = YES;
				CLANG_WARN_NON_LITERAL_NULL_CONVERSION = YES;
				CLANG_WARN_OBJC_IMPLICIT_RETAIN_SELF = YES;
				CLANG_WARN_OBJC_LITERAL_CONVERSION = YES;
				CLANG_WARN_OBJC_ROOT_CLASS = YES_ERROR;
				CLANG_WARN_QUOTED_INCLUDE_IN_FRAMEWORK_HEADER = YES;
				CLANG_WARN_RANGE_LOOP_ANALYSIS = YES;
				CLANG_WARN_STRICT_PROTOTYPES = YES;
				CLANG_WARN_SUSPICIOUS_MOVE = YES;
				CLANG_WARN_UNGUARDED_AVAILABILITY = YES_AGGRESSIVE;
				CLANG_WARN_UNREACHABLE_CODE = YES;
				CLANG_WARN__DUPLICATE_METHOD_MATCH = YES;
				COPY_PHASE_STRIP = NO;
				DEBUG_INFORMATION_FORMAT = dwarf;
				ENABLE_STRICT_OBJC_MSGSEND = YES;
				ENABLE_TESTABILITY = YES;
				GCC_C_LANGUAGE_STANDARD = gnu11;
				GCC_DYNAMIC_NO_PIC = NO;
				GCC_NO_COMMON_BLOCKS = YES;
				GCC_OPTIMIZATION_LEVEL = 0;
				GCC_PREPROCESSOR_DEFINITIONS = (
					"DEBUG=1",
					"$(inherited)",
				);
				GCC_WARN_64_TO_32_BIT_CONVERSION = YES;
				GCC_WARN_ABOUT_RETURN_TYPE = YES_ERROR;
				GCC_WARN_UNDECLARED_SELECTOR = YES;
				GCC_WARN_UNINITIALIZED_AUTOS = YES_AGGRESSIVE;
				GCC_WARN_UNUSED_FUNCTION = YES;
				GCC_WARN_UNUSED_VARIABLE = YES;
				IPHONEOS_DEPLOYMENT_TARGET = 14.3;
				MTL_ENABLE_DEBUG_INFO = INCLUDE_SOURCE;
				MTL_FAST_MATH = YES;
				ONLY_ACTIVE_ARCH = YES;
				SDKROOT = iphoneos;
				SWIFT_ACTIVE_COMPILATION_CONDITIONS = DEBUG;
				SWIFT_OPTIMIZATION_LEVEL = "-Onone";
			};
			name = Debug;
		};
		73BEA45425AFFEF8006EA337 /* Release */ = {
			isa = XCBuildConfiguration;
			buildSettings = {
				ALWAYS_SEARCH_USER_PATHS = NO;
				CLANG_ANALYZER_NONNULL = YES;
				CLANG_ANALYZER_NUMBER_OBJECT_CONVERSION = YES_AGGRESSIVE;
				CLANG_CXX_LANGUAGE_STANDARD = "gnu++14";
				CLANG_CXX_LIBRARY = "libc++";
				CLANG_ENABLE_MODULES = YES;
				CLANG_ENABLE_OBJC_ARC = YES;
				CLANG_ENABLE_OBJC_WEAK = YES;
				CLANG_WARN_BLOCK_CAPTURE_AUTORELEASING = YES;
				CLANG_WARN_BOOL_CONVERSION = YES;
				CLANG_WARN_COMMA = YES;
				CLANG_WARN_CONSTANT_CONVERSION = YES;
				CLANG_WARN_DEPRECATED_OBJC_IMPLEMENTATIONS = YES;
				CLANG_WARN_DIRECT_OBJC_ISA_USAGE = YES_ERROR;
				CLANG_WARN_DOCUMENTATION_COMMENTS = YES;
				CLANG_WARN_EMPTY_BODY = YES;
				CLANG_WARN_ENUM_CONVERSION = YES;
				CLANG_WARN_INFINITE_RECURSION = YES;
				CLANG_WARN_INT_CONVERSION = YES;
				CLANG_WARN_NON_LITERAL_NULL_CONVERSION = YES;
				CLANG_WARN_OBJC_IMPLICIT_RETAIN_SELF = YES;
				CLANG_WARN_OBJC_LITERAL_CONVERSION = YES;
				CLANG_WARN_OBJC_ROOT_CLASS = YES_ERROR;
				CLANG_WARN_QUOTED_INCLUDE_IN_FRAMEWORK_HEADER = YES;
				CLANG_WARN_RANGE_LOOP_ANALYSIS = YES;
				CLANG_WARN_STRICT_PROTOTYPES = YES;
				CLANG_WARN_SUSPICIOUS_MOVE = YES;
				CLANG_WARN_UNGUARDED_AVAILABILITY = YES_AGGRESSIVE;
				CLANG_WARN_UNREACHABLE_CODE = YES;
				CLANG_WARN__DUPLICATE_METHOD_MATCH = YES;
				COPY_PHASE_STRIP = NO;
				DEBUG_INFORMATION_FORMAT = "dwarf-with-dsym";
				ENABLE_NS_ASSERTIONS = NO;
				ENABLE_STRICT_OBJC_MSGSEND = YES;
				GCC_C_LANGUAGE_STANDARD = gnu11;
				GCC_NO_COMMON_BLOCKS = YES;
				GCC_WARN_64_TO_32_BIT_CONVERSION = YES;
				GCC_WARN_ABOUT_RETURN_TYPE = YES_ERROR;
				GCC_WARN_UNDECLARED_SELECTOR = YES;
				GCC_WARN_UNINITIALIZED_AUTOS = YES_AGGRESSIVE;
				GCC_WARN_UNUSED_FUNCTION = YES;
				GCC_WARN_UNUSED_VARIABLE = YES;
				IPHONEOS_DEPLOYMENT_TARGET = 14.3;
				MTL_ENABLE_DEBUG_INFO = NO;
				MTL_FAST_MATH = YES;
				ONLY_ACTIVE_ARCH = YES;
				SDKROOT = iphoneos;
				SWIFT_COMPILATION_MODE = wholemodule;
				SWIFT_OPTIMIZATION_LEVEL = "-O";
				VALIDATE_PRODUCT = YES;
			};
			name = Release;
		};
		73BEA45625AFFEF8006EA337 /* Debug */ = {
			isa = XCBuildConfiguration;
			baseConfigurationReference = 489FBF1BBBDB8102F8BE95BB /* Pods-fact.debug.xcconfig */;
			buildSettings = {
				ASSETCATALOG_COMPILER_APPICON_NAME = AppIcon;
				ASSETCATALOG_COMPILER_GLOBAL_ACCENT_COLOR_NAME = AccentColor;
				CODE_SIGN_STYLE = Automatic;
				DEVELOPMENT_TEAM = VNAV5S2KU6;
				INFOPLIST_FILE = fact/Info.plist;
				LD_RUNPATH_SEARCH_PATHS = (
					"$(inherited)",
					"@executable_path/Frameworks",
				);
				PRODUCT_BUNDLE_IDENTIFIER = kazuyasasakura.fact;
				PRODUCT_NAME = "$(TARGET_NAME)";
				SWIFT_VERSION = 5.0;
				TARGETED_DEVICE_FAMILY = "1,2";
			};
			name = Debug;
		};
		73BEA45725AFFEF8006EA337 /* Release */ = {
			isa = XCBuildConfiguration;
			baseConfigurationReference = 8B62DC68EEA0CF20F6F1C017 /* Pods-fact.release.xcconfig */;
			buildSettings = {
				ASSETCATALOG_COMPILER_APPICON_NAME = AppIcon;
				ASSETCATALOG_COMPILER_GLOBAL_ACCENT_COLOR_NAME = AccentColor;
				CODE_SIGN_STYLE = Automatic;
				DEVELOPMENT_TEAM = VNAV5S2KU6;
				INFOPLIST_FILE = fact/Info.plist;
				LD_RUNPATH_SEARCH_PATHS = (
					"$(inherited)",
					"@executable_path/Frameworks",
				);
				ONLY_ACTIVE_ARCH = YES;
				PRODUCT_BUNDLE_IDENTIFIER = kazuyasasakura.fact;
				PRODUCT_NAME = "$(TARGET_NAME)";
				SWIFT_VERSION = 5.0;
				TARGETED_DEVICE_FAMILY = "1,2";
			};
			name = Release;
		};
		73BEA45925AFFEF8006EA337 /* Debug */ = {
			isa = XCBuildConfiguration;
			baseConfigurationReference = E0051AFB08657E2F21A13502 /* Pods-factTests.debug.xcconfig */;
			buildSettings = {
				ALWAYS_EMBED_SWIFT_STANDARD_LIBRARIES = YES;
				BUNDLE_LOADER = "$(TEST_HOST)";
				CODE_SIGN_STYLE = Automatic;
				DEVELOPMENT_TEAM = VNAV5S2KU6;
				INFOPLIST_FILE = factTests/Info.plist;
				IPHONEOS_DEPLOYMENT_TARGET = 14.3;
				LD_RUNPATH_SEARCH_PATHS = (
					"$(inherited)",
					"@executable_path/Frameworks",
					"@loader_path/Frameworks",
				);
				PRODUCT_BUNDLE_IDENTIFIER = kazuyasasakura.factTests;
				PRODUCT_NAME = "$(TARGET_NAME)";
				SWIFT_VERSION = 5.0;
				TARGETED_DEVICE_FAMILY = "1,2";
				TEST_HOST = "$(BUILT_PRODUCTS_DIR)/fact.app/fact";
			};
			name = Debug;
		};
		73BEA45A25AFFEF8006EA337 /* Release */ = {
			isa = XCBuildConfiguration;
			baseConfigurationReference = 13E4D44C3D7FE4301195D175 /* Pods-factTests.release.xcconfig */;
			buildSettings = {
				ALWAYS_EMBED_SWIFT_STANDARD_LIBRARIES = YES;
				BUNDLE_LOADER = "$(TEST_HOST)";
				CODE_SIGN_STYLE = Automatic;
				DEVELOPMENT_TEAM = VNAV5S2KU6;
				INFOPLIST_FILE = factTests/Info.plist;
				IPHONEOS_DEPLOYMENT_TARGET = 14.3;
				LD_RUNPATH_SEARCH_PATHS = (
					"$(inherited)",
					"@executable_path/Frameworks",
					"@loader_path/Frameworks",
				);
				PRODUCT_BUNDLE_IDENTIFIER = kazuyasasakura.factTests;
				PRODUCT_NAME = "$(TARGET_NAME)";
				SWIFT_VERSION = 5.0;
				TARGETED_DEVICE_FAMILY = "1,2";
				TEST_HOST = "$(BUILT_PRODUCTS_DIR)/fact.app/fact";
			};
			name = Release;
		};
		73BEA45C25AFFEF8006EA337 /* Debug */ = {
			isa = XCBuildConfiguration;
			baseConfigurationReference = 187003F8E003166BECAE7142 /* Pods-fact-factUITests.debug.xcconfig */;
			buildSettings = {
				ALWAYS_EMBED_SWIFT_STANDARD_LIBRARIES = YES;
				CODE_SIGN_STYLE = Automatic;
				DEVELOPMENT_TEAM = VNAV5S2KU6;
				INFOPLIST_FILE = factUITests/Info.plist;
				LD_RUNPATH_SEARCH_PATHS = (
					"$(inherited)",
					"@executable_path/Frameworks",
					"@loader_path/Frameworks",
				);
				PRODUCT_BUNDLE_IDENTIFIER = kazuyasasakura.factUITests;
				PRODUCT_NAME = "$(TARGET_NAME)";
				SWIFT_VERSION = 5.0;
				TARGETED_DEVICE_FAMILY = "1,2";
				TEST_TARGET_NAME = fact;
			};
			name = Debug;
		};
		73BEA45D25AFFEF8006EA337 /* Release */ = {
			isa = XCBuildConfiguration;
			baseConfigurationReference = 87B463B966D79D6BFB613449 /* Pods-fact-factUITests.release.xcconfig */;
			buildSettings = {
				ALWAYS_EMBED_SWIFT_STANDARD_LIBRARIES = YES;
				CODE_SIGN_STYLE = Automatic;
				DEVELOPMENT_TEAM = VNAV5S2KU6;
				INFOPLIST_FILE = factUITests/Info.plist;
				LD_RUNPATH_SEARCH_PATHS = (
					"$(inherited)",
					"@executable_path/Frameworks",
					"@loader_path/Frameworks",
				);
				PRODUCT_BUNDLE_IDENTIFIER = kazuyasasakura.factUITests;
				PRODUCT_NAME = "$(TARGET_NAME)";
				SWIFT_VERSION = 5.0;
				TARGETED_DEVICE_FAMILY = "1,2";
				TEST_TARGET_NAME = fact;
			};
			name = Release;
		};
/* End XCBuildConfiguration section */

/* Begin XCConfigurationList section */
		73BEA42625AFFEF7006EA337 /* Build configuration list for PBXProject "fact" */ = {
			isa = XCConfigurationList;
			buildConfigurations = (
				73BEA45325AFFEF8006EA337 /* Debug */,
				73BEA45425AFFEF8006EA337 /* Release */,
			);
			defaultConfigurationIsVisible = 0;
			defaultConfigurationName = Release;
		};
		73BEA45525AFFEF8006EA337 /* Build configuration list for PBXNativeTarget "fact" */ = {
			isa = XCConfigurationList;
			buildConfigurations = (
				73BEA45625AFFEF8006EA337 /* Debug */,
				73BEA45725AFFEF8006EA337 /* Release */,
			);
			defaultConfigurationIsVisible = 0;
			defaultConfigurationName = Release;
		};
		73BEA45825AFFEF8006EA337 /* Build configuration list for PBXNativeTarget "factTests" */ = {
			isa = XCConfigurationList;
			buildConfigurations = (
				73BEA45925AFFEF8006EA337 /* Debug */,
				73BEA45A25AFFEF8006EA337 /* Release */,
			);
			defaultConfigurationIsVisible = 0;
			defaultConfigurationName = Release;
		};
		73BEA45B25AFFEF8006EA337 /* Build configuration list for PBXNativeTarget "factUITests" */ = {
			isa = XCConfigurationList;
			buildConfigurations = (
				73BEA45C25AFFEF8006EA337 /* Debug */,
				73BEA45D25AFFEF8006EA337 /* Release */,
			);
			defaultConfigurationIsVisible = 0;
			defaultConfigurationName = Release;
		};
/* End XCConfigurationList section */
	};
	rootObject = 73BEA42325AFFEF7006EA337 /* Project object */;
}
